
Microsoft Visual Studio Solution File, Format Version 12.00
# Visual Studio Version 16
VisualStudioVersion = 16.0.30413.136
MinimumVisualStudioVersion = 10.0.40219.1
Project("{9A19103F-16F7-4668-BE54-9A1E7A4F7556}") = "TeamCloud.Providers.Azure.DevTestLabs", "Azure\TeamCloud.Providers.Azure.DevTestLabs\TeamCloud.Providers.Azure.DevTestLabs.csproj", "{FF6E3989-700A-481D-8256-D2C9BFEA5172}"
EndProject
Project("{9A19103F-16F7-4668-BE54-9A1E7A4F7556}") = "TeamCloud.Providers.Azure.DevOps", "Azure\TeamCloud.Providers.Azure.DevOps\TeamCloud.Providers.Azure.DevOps.csproj", "{CDE0A2D2-A40E-4202-BA36-3A90D0E71B93}"
EndProject
Project("{9A19103F-16F7-4668-BE54-9A1E7A4F7556}") = "TeamCloud.Providers.Azure.AppInsights", "Azure\TeamCloud.Providers.Azure.AppInsights\TeamCloud.Providers.Azure.AppInsights.csproj", "{21BA4A5A-17F8-4FAF-8D56-2712C09B0E84}"
EndProject
Project("{2150E333-8FDC-42A3-9474-1A3956D46DE8}") = "Shared", "Shared", "{D302A0F0-9163-4417-A75E-221033204694}"
EndProject
Project("{9A19103F-16F7-4668-BE54-9A1E7A4F7556}") = "TeamCloud.Providers.Core", "Shared\TeamCloud.Providers.Core\TeamCloud.Providers.Core.csproj", "{C9019989-B31F-4042-A0FC-DAA1738C023E}"
EndProject
Project("{9A19103F-16F7-4668-BE54-9A1E7A4F7556}") = "TeamCloud.Providers.Core.Tests", "Shared\TeamCloud.Providers.Core.Tests\TeamCloud.Providers.Core.Tests.csproj", "{23D34F99-E305-46F8-BAAE-71451464A64E}"
EndProject
Project("{9A19103F-16F7-4668-BE54-9A1E7A4F7556}") = "TeamCloud.Providers.Azure.DevOps.Tests", "Azure\TeamCloud.Providers.Azure.DevOps.Tests\TeamCloud.Providers.Azure.DevOps.Tests.csproj", "{9E1045E7-4D56-4917-80AC-3FB37B827E6A}"
EndProject
Project("{9A19103F-16F7-4668-BE54-9A1E7A4F7556}") = "TeamCloud.Providers.Testing", "Shared\TeamCloud.Providers.Testing\TeamCloud.Providers.Testing.csproj", "{84F8E0EA-0373-48E9-8DA5-42669C57B365}"
EndProject
Project("{9A19103F-16F7-4668-BE54-9A1E7A4F7556}") = "TeamCloud.Providers.Azure.AppInsights.Tests", "Azure\TeamCloud.Providers.Azure.AppInsights.Tests\TeamCloud.Providers.Azure.AppInsights.Tests.csproj", "{B127D753-E648-4CDC-A393-3406A809FC31}"
EndProject
Project("{9A19103F-16F7-4668-BE54-9A1E7A4F7556}") = "TeamCloud.Providers.Testing.Azure", "Shared\TeamCloud.Providers.Testing.Azure\TeamCloud.Providers.Testing.Azure.csproj", "{044BB891-BEB4-410F-B7A9-F9C85A4955FE}"
EndProject
Project("{9A19103F-16F7-4668-BE54-9A1E7A4F7556}") = "TeamCloud.Providers.Azure.DevTestLabs.Tests", "Azure\TeamCloud.Providers.Azure.DevTestLabs.Tests\TeamCloud.Providers.Azure.DevTestLabs.Tests.csproj", "{C920ADF3-BD1B-406D-92A1-A91088816EB2}"
EndProject
Project("{2150E333-8FDC-42A3-9474-1A3956D46DE8}") = "Azure", "Azure", "{39CC4533-4261-410D-AFEB-AB5AD7A900F3}"
EndProject
Project("{2150E333-8FDC-42A3-9474-1A3956D46DE8}") = "GitHub", "GitHub", "{86962343-2A42-4BC9-967A-C959CAFD9047}"
EndProject
Project("{9A19103F-16F7-4668-BE54-9A1E7A4F7556}") = "TeamCloud.Providers.GitHub", "GitHub\TeamCloud.Providers.GitHub\TeamCloud.Providers.GitHub.csproj", "{194ED075-176F-4565-81D0-296373340687}"
EndProject
Project("{FAE04EC0-301F-11D3-BF4B-00C04F79EFBC}") = "TeamCloud.Providers.GitHub.Repos", "GitHub\TeamCloud.Providers.GitHub.Repos\TeamCloud.Providers.GitHub.Repos.csproj", "{DB65BB77-DDC0-48CB-8857-F571F166D15E}"
EndProject
Project("{FAE04EC0-301F-11D3-BF4B-00C04F79EFBC}") = "TeamCloud.Providers.GitHub.Actions", "GitHub\TeamCloud.Providers.GitHub.Actions\TeamCloud.Providers.GitHub.Actions.csproj", "{5B8D757E-32BA-4969-A55F-E8C8E9C352C7}"
EndProject

Project("{2150E333-8FDC-42A3-9474-1A3956D46DE8}") = "_Items", "_Items", "{19DF5DFF-C703-4AFB-8F93-E8F17065B18E}"
	ProjectSection(SolutionItems) = preProject
		Azure\Directory.Build.props = Azure\Directory.Build.props
		Azure\Directory.Build.targets = Azure\Directory.Build.targets
		Azure\GlobalSuppressions.cs = Azure\GlobalSuppressions.cs
		Azure\TeamCloud.Providers.Azure.bat = Azure\TeamCloud.Providers.Azure.bat
	EndProjectSection
EndProject
Project("{2150E333-8FDC-42A3-9474-1A3956D46DE8}") = "_Items", "_Items", "{43001670-07E5-4591-86EF-305F217DF986}"
	ProjectSection(SolutionItems) = preProject
		Directory.Build.props = Directory.Build.props
		Directory.Build.targets = Directory.Build.targets
		nuget.config = nuget.config
		PackageUpdate.cmd = PackageUpdate.cmd
		PackageUpdate.sh = PackageUpdate.sh
		TeamCloud.Providers.sln.licenseheader = TeamCloud.Providers.sln.licenseheader
	EndProjectSection
EndProject
Project("{2150E333-8FDC-42A3-9474-1A3956D46DE8}") = "_Items", "_Items", "{C066EE06-20C0-4AFB-9F62-EB30E45E8600}"
	ProjectSection(SolutionItems) = preProject
		Shared\Directory.Build.props = Shared\Directory.Build.props
		Shared\Directory.Build.targets = Shared\Directory.Build.targets
		Shared\GlobalSuppressions.cs = Shared\GlobalSuppressions.cs
	EndProjectSection
EndProject
Project("{2150E333-8FDC-42A3-9474-1A3956D46DE8}") = "_Items", "_Items", "{9CB24BB6-685D-4CF7-A40B-E3D4A2C1E0B6}"
	ProjectSection(SolutionItems) = preProject
		GitHub\Directory.Build.props = GitHub\Directory.Build.props
		GitHub\Directory.Build.targets = GitHub\Directory.Build.targets
	EndProjectSection
EndProject
Global
	GlobalSection(SolutionConfigurationPlatforms) = preSolution
		Debug|Any CPU = Debug|Any CPU
		Release|Any CPU = Release|Any CPU
	EndGlobalSection
	GlobalSection(ProjectConfigurationPlatforms) = postSolution
		{FF6E3989-700A-481D-8256-D2C9BFEA5172}.Debug|Any CPU.ActiveCfg = Debug|Any CPU
		{FF6E3989-700A-481D-8256-D2C9BFEA5172}.Debug|Any CPU.Build.0 = Debug|Any CPU
		{FF6E3989-700A-481D-8256-D2C9BFEA5172}.Release|Any CPU.ActiveCfg = Release|Any CPU
		{FF6E3989-700A-481D-8256-D2C9BFEA5172}.Release|Any CPU.Build.0 = Release|Any CPU
		{CDE0A2D2-A40E-4202-BA36-3A90D0E71B93}.Debug|Any CPU.ActiveCfg = Debug|Any CPU
		{CDE0A2D2-A40E-4202-BA36-3A90D0E71B93}.Debug|Any CPU.Build.0 = Debug|Any CPU
		{CDE0A2D2-A40E-4202-BA36-3A90D0E71B93}.Release|Any CPU.ActiveCfg = Release|Any CPU
		{CDE0A2D2-A40E-4202-BA36-3A90D0E71B93}.Release|Any CPU.Build.0 = Release|Any CPU
		{21BA4A5A-17F8-4FAF-8D56-2712C09B0E84}.Debug|Any CPU.ActiveCfg = Debug|Any CPU
		{21BA4A5A-17F8-4FAF-8D56-2712C09B0E84}.Debug|Any CPU.Build.0 = Debug|Any CPU
		{21BA4A5A-17F8-4FAF-8D56-2712C09B0E84}.Release|Any CPU.ActiveCfg = Release|Any CPU
		{21BA4A5A-17F8-4FAF-8D56-2712C09B0E84}.Release|Any CPU.Build.0 = Release|Any CPU
		{C9019989-B31F-4042-A0FC-DAA1738C023E}.Debug|Any CPU.ActiveCfg = Debug|Any CPU
		{C9019989-B31F-4042-A0FC-DAA1738C023E}.Debug|Any CPU.Build.0 = Debug|Any CPU
		{C9019989-B31F-4042-A0FC-DAA1738C023E}.Release|Any CPU.ActiveCfg = Release|Any CPU
		{C9019989-B31F-4042-A0FC-DAA1738C023E}.Release|Any CPU.Build.0 = Release|Any CPU
		{23D34F99-E305-46F8-BAAE-71451464A64E}.Debug|Any CPU.ActiveCfg = Debug|Any CPU
		{23D34F99-E305-46F8-BAAE-71451464A64E}.Debug|Any CPU.Build.0 = Debug|Any CPU
		{23D34F99-E305-46F8-BAAE-71451464A64E}.Release|Any CPU.ActiveCfg = Release|Any CPU
		{23D34F99-E305-46F8-BAAE-71451464A64E}.Release|Any CPU.Build.0 = Release|Any CPU
		{9E1045E7-4D56-4917-80AC-3FB37B827E6A}.Debug|Any CPU.ActiveCfg = Debug|Any CPU
		{9E1045E7-4D56-4917-80AC-3FB37B827E6A}.Debug|Any CPU.Build.0 = Debug|Any CPU
		{9E1045E7-4D56-4917-80AC-3FB37B827E6A}.Release|Any CPU.ActiveCfg = Release|Any CPU
		{9E1045E7-4D56-4917-80AC-3FB37B827E6A}.Release|Any CPU.Build.0 = Release|Any CPU
		{84F8E0EA-0373-48E9-8DA5-42669C57B365}.Debug|Any CPU.ActiveCfg = Debug|Any CPU
		{84F8E0EA-0373-48E9-8DA5-42669C57B365}.Debug|Any CPU.Build.0 = Debug|Any CPU
		{84F8E0EA-0373-48E9-8DA5-42669C57B365}.Release|Any CPU.ActiveCfg = Release|Any CPU
		{84F8E0EA-0373-48E9-8DA5-42669C57B365}.Release|Any CPU.Build.0 = Release|Any CPU
		{B127D753-E648-4CDC-A393-3406A809FC31}.Debug|Any CPU.ActiveCfg = Debug|Any CPU
		{B127D753-E648-4CDC-A393-3406A809FC31}.Debug|Any CPU.Build.0 = Debug|Any CPU
		{B127D753-E648-4CDC-A393-3406A809FC31}.Release|Any CPU.ActiveCfg = Release|Any CPU
		{B127D753-E648-4CDC-A393-3406A809FC31}.Release|Any CPU.Build.0 = Release|Any CPU
		{044BB891-BEB4-410F-B7A9-F9C85A4955FE}.Debug|Any CPU.ActiveCfg = Debug|Any CPU
		{044BB891-BEB4-410F-B7A9-F9C85A4955FE}.Debug|Any CPU.Build.0 = Debug|Any CPU
		{044BB891-BEB4-410F-B7A9-F9C85A4955FE}.Release|Any CPU.ActiveCfg = Release|Any CPU
		{044BB891-BEB4-410F-B7A9-F9C85A4955FE}.Release|Any CPU.Build.0 = Release|Any CPU
		{C920ADF3-BD1B-406D-92A1-A91088816EB2}.Debug|Any CPU.ActiveCfg = Debug|Any CPU
		{C920ADF3-BD1B-406D-92A1-A91088816EB2}.Debug|Any CPU.Build.0 = Debug|Any CPU
		{C920ADF3-BD1B-406D-92A1-A91088816EB2}.Release|Any CPU.ActiveCfg = Release|Any CPU
		{C920ADF3-BD1B-406D-92A1-A91088816EB2}.Release|Any CPU.Build.0 = Release|Any CPU
		{194ED075-176F-4565-81D0-296373340687}.Debug|Any CPU.ActiveCfg = Debug|Any CPU
		{194ED075-176F-4565-81D0-296373340687}.Debug|Any CPU.Build.0 = Debug|Any CPU
		{194ED075-176F-4565-81D0-296373340687}.Release|Any CPU.ActiveCfg = Release|Any CPU
		{194ED075-176F-4565-81D0-296373340687}.Release|Any CPU.Build.0 = Release|Any CPU
		{DB65BB77-DDC0-48CB-8857-F571F166D15E}.Debug|Any CPU.ActiveCfg = Debug|Any CPU
		{DB65BB77-DDC0-48CB-8857-F571F166D15E}.Debug|Any CPU.Build.0 = Debug|Any CPU
		{DB65BB77-DDC0-48CB-8857-F571F166D15E}.Release|Any CPU.ActiveCfg = Release|Any CPU
		{DB65BB77-DDC0-48CB-8857-F571F166D15E}.Release|Any CPU.Build.0 = Release|Any CPU
		{5B8D757E-32BA-4969-A55F-E8C8E9C352C7}.Debug|Any CPU.ActiveCfg = Debug|Any CPU
		{5B8D757E-32BA-4969-A55F-E8C8E9C352C7}.Debug|Any CPU.Build.0 = Debug|Any CPU
		{5B8D757E-32BA-4969-A55F-E8C8E9C352C7}.Release|Any CPU.ActiveCfg = Release|Any CPU
		{5B8D757E-32BA-4969-A55F-E8C8E9C352C7}.Release|Any CPU.Build.0 = Release|Any CPU
	EndGlobalSection
	GlobalSection(SolutionProperties) = preSolution
		HideSolutionNode = FALSE
	EndGlobalSection
	GlobalSection(NestedProjects) = preSolution
		{FF6E3989-700A-481D-8256-D2C9BFEA5172} = {39CC4533-4261-410D-AFEB-AB5AD7A900F3}
		{CDE0A2D2-A40E-4202-BA36-3A90D0E71B93} = {39CC4533-4261-410D-AFEB-AB5AD7A900F3}
		{21BA4A5A-17F8-4FAF-8D56-2712C09B0E84} = {39CC4533-4261-410D-AFEB-AB5AD7A900F3}
		{C9019989-B31F-4042-A0FC-DAA1738C023E} = {D302A0F0-9163-4417-A75E-221033204694}
		{23D34F99-E305-46F8-BAAE-71451464A64E} = {D302A0F0-9163-4417-A75E-221033204694}
		{9E1045E7-4D56-4917-80AC-3FB37B827E6A} = {39CC4533-4261-410D-AFEB-AB5AD7A900F3}
		{84F8E0EA-0373-48E9-8DA5-42669C57B365} = {D302A0F0-9163-4417-A75E-221033204694}
		{B127D753-E648-4CDC-A393-3406A809FC31} = {39CC4533-4261-410D-AFEB-AB5AD7A900F3}
		{044BB891-BEB4-410F-B7A9-F9C85A4955FE} = {D302A0F0-9163-4417-A75E-221033204694}
		{C920ADF3-BD1B-406D-92A1-A91088816EB2} = {39CC4533-4261-410D-AFEB-AB5AD7A900F3}
		{194ED075-176F-4565-81D0-296373340687} = {86962343-2A42-4BC9-967A-C959CAFD9047}
		{19DF5DFF-C703-4AFB-8F93-E8F17065B18E} = {39CC4533-4261-410D-AFEB-AB5AD7A900F3}
		{C066EE06-20C0-4AFB-9F62-EB30E45E8600} = {D302A0F0-9163-4417-A75E-221033204694}
		{9CB24BB6-685D-4CF7-A40B-E3D4A2C1E0B6} = {86962343-2A42-4BC9-967A-C959CAFD9047}
		{DB65BB77-DDC0-48CB-8857-F571F166D15E} = {86962343-2A42-4BC9-967A-C959CAFD9047}
		{5B8D757E-32BA-4969-A55F-E8C8E9C352C7} = {86962343-2A42-4BC9-967A-C959CAFD9047}
	EndGlobalSection
	GlobalSection(ExtensibilityGlobals) = postSolution
		SolutionGuid = {0B3E8DE1-93F5-4A85-8ABF-EDDB4371ECD4}
	EndGlobalSection
EndGlobal
